
Microsoft Visual Studio Solution File, Format Version 12.00
# Visual Studio 15
VisualStudioVersion = 15.0.26430.6
MinimumVisualStudioVersion = 10.0.40219.1
Project("{FAE04EC0-301F-11D3-BF4B-00C04F79EFBC}") = "AreaCalculator", "AreaCalculator\AreaCalculator.csproj", "{51F431E3-687E-4D31-919D-80D547F5D25B}"
EndProject
Project("{FAE04EC0-301F-11D3-BF4B-00C04F79EFBC}") = "AreaCalculator.tests", "AreaCalculator.tests\AreaCalculator.tests.csproj", "{4C52346F-B215-44DA-AF22-8948BBAE245B}"
EndProject
Global
	GlobalSection(SolutionConfigurationPlatforms) = preSolution
		Debug|Any CPU = Debug|Any CPU
		Release|Any CPU = Release|Any CPU
	EndGlobalSection
	GlobalSection(ProjectConfigurationPlatforms) = postSolution
		{51F431E3-687E-4D31-919D-80D547F5D25B}.Debug|Any CPU.ActiveCfg = Debug|Any CPU
		{51F431E3-687E-4D31-919D-80D547F5D25B}.Debug|Any CPU.Build.0 = Debug|Any CPU
		{51F431E3-687E-4D31-919D-80D547F5D25B}.Release|Any CPU.ActiveCfg = Release|Any CPU
		{51F431E3-687E-4D31-919D-80D547F5D25B}.Release|Any CPU.Build.0 = Release|Any CPU
		{4C52346F-B215-44DA-AF22-8948BBAE245B}.Debug|Any CPU.ActiveCfg = Debug|Any CPU
		{4C52346F-B215-44DA-AF22-8948BBAE245B}.Debug|Any CPU.Build.0 = Debug|Any CPU
		{4C52346F-B215-44DA-AF22-8948BBAE245B}.Release|Any CPU.ActiveCfg = Release|Any CPU
		{4C52346F-B215-44DA-AF22-8948BBAE245B}.Release|Any CPU.Build.0 = Release|Any CPU
	EndGlobalSection
	GlobalSection(SolutionProperties) = preSolution
		HideSolutionNode = FALSE
	EndGlobalSection
EndGlobal
